
Microsoft Visual Studio Solution File, Format Version 12.00
# Visual Studio 14
VisualStudioVersion = 14.0.23107.0
MinimumVisualStudioVersion = 10.0.40219.1
Project("{FAE04EC0-301F-11D3-BF4B-00C04F79EFBC}") = "SimpleTracking.Web", "SimpleTracking.Web\SimpleTracking.Web.csproj", "{D5A2CDDD-BF4A-4DCB-90E4-40CDCAD27554}"
EndProject
Project("{FAE04EC0-301F-11D3-BF4B-00C04F79EFBC}") = "SimpleTracking.Web.Tests", "SimpleTracking.Web.Tests\SimpleTracking.Web.Tests.csproj", "{43BAADCF-2CEE-4083-9A14-A1328E9A77DF}"
EndProject
Project("{2150E333-8FDC-42A3-9474-1A3956D46DE8}") = ".nuget", ".nuget", "{E335F910-2EB5-436F-ADC0-51EA61F2A678}"
	ProjectSection(SolutionItems) = preProject
		.nuget\NuGet.Config = .nuget\NuGet.Config
		.nuget\NuGet.exe = .nuget\NuGet.exe
		.nuget\NuGet.targets = .nuget\NuGet.targets
	EndProjectSection
EndProject
Project("{FAE04EC0-301F-11D3-BF4B-00C04F79EFBC}") = "SimpleTracking.ShipperInterface", "SimpleTracking.ShipperInterface\SimpleTracking.ShipperInterface.csproj", "{864A1FA8-8C5C-4D03-A60D-302727243ACD}"
EndProject
Project("{FAE04EC0-301F-11D3-BF4B-00C04F79EFBC}") = "SimpleTracking.ShipperInterface.Tests", "SimpleTracking.ShipperInterface.Tests\SimpleTracking.ShipperInterface.Tests.csproj", "{37931D35-9BEE-4D55-AF5B-C756130878DF}"
EndProject
Project("{FAE04EC0-301F-11D3-BF4B-00C04F79EFBC}") = "SimpleTracking.ShipperInterface.ClientServerShared", "SimpleTracking.ShipperInterface.ClientServerShared\SimpleTracking.ShipperInterface.ClientServerShared.csproj", "{41716650-2249-4D85-B6F0-98284EF13556}"
EndProject
Project("{2150E333-8FDC-42A3-9474-1A3956D46DE8}") = "Solution Items", "Solution Items", "{F58B8A53-859B-4D7E-A706-2DC57A6C44FE}"
	ProjectSection(SolutionItems) = preProject
		readme.md = readme.md
		Readme.txt = Readme.txt
	EndProjectSection
EndProject
Global
	GlobalSection(SolutionConfigurationPlatforms) = preSolution
		Debug|Any CPU = Debug|Any CPU
		Debug|ARM = Debug|ARM
		Debug|x64 = Debug|x64
		Debug|x86 = Debug|x86
		Release|Any CPU = Release|Any CPU
		Release|ARM = Release|ARM
		Release|x64 = Release|x64
		Release|x86 = Release|x86
	EndGlobalSection
	GlobalSection(ProjectConfigurationPlatforms) = postSolution
		{D5A2CDDD-BF4A-4DCB-90E4-40CDCAD27554}.Debug|Any CPU.ActiveCfg = Debug|Any CPU
		{D5A2CDDD-BF4A-4DCB-90E4-40CDCAD27554}.Debug|Any CPU.Build.0 = Debug|Any CPU
		{D5A2CDDD-BF4A-4DCB-90E4-40CDCAD27554}.Debug|ARM.ActiveCfg = Debug|Any CPU
		{D5A2CDDD-BF4A-4DCB-90E4-40CDCAD27554}.Debug|x64.ActiveCfg = Debug|Any CPU
		{D5A2CDDD-BF4A-4DCB-90E4-40CDCAD27554}.Debug|x86.ActiveCfg = Debug|x86
		{D5A2CDDD-BF4A-4DCB-90E4-40CDCAD27554}.Debug|x86.Build.0 = Debug|x86
		{D5A2CDDD-BF4A-4DCB-90E4-40CDCAD27554}.Release|Any CPU.ActiveCfg = Release|Any CPU
		{D5A2CDDD-BF4A-4DCB-90E4-40CDCAD27554}.Release|Any CPU.Build.0 = Release|Any CPU
		{D5A2CDDD-BF4A-4DCB-90E4-40CDCAD27554}.Release|ARM.ActiveCfg = Release|Any CPU
		{D5A2CDDD-BF4A-4DCB-90E4-40CDCAD27554}.Release|x64.ActiveCfg = Release|Any CPU
		{D5A2CDDD-BF4A-4DCB-90E4-40CDCAD27554}.Release|x86.ActiveCfg = Release|Any CPU
		{43BAADCF-2CEE-4083-9A14-A1328E9A77DF}.Debug|Any CPU.ActiveCfg = Debug|Any CPU
		{43BAADCF-2CEE-4083-9A14-A1328E9A77DF}.Debug|Any CPU.Build.0 = Debug|Any CPU
		{43BAADCF-2CEE-4083-9A14-A1328E9A77DF}.Debug|ARM.ActiveCfg = Debug|Any CPU
		{43BAADCF-2CEE-4083-9A14-A1328E9A77DF}.Debug|x64.ActiveCfg = Debug|Any CPU
		{43BAADCF-2CEE-4083-9A14-A1328E9A77DF}.Debug|x86.ActiveCfg = Debug|x86
		{43BAADCF-2CEE-4083-9A14-A1328E9A77DF}.Debug|x86.Build.0 = Debug|x86
		{43BAADCF-2CEE-4083-9A14-A1328E9A77DF}.Release|Any CPU.ActiveCfg = Release|Any CPU
		{43BAADCF-2CEE-4083-9A14-A1328E9A77DF}.Release|Any CPU.Build.0 = Release|Any CPU
		{43BAADCF-2CEE-4083-9A14-A1328E9A77DF}.Release|ARM.ActiveCfg = Release|Any CPU
		{43BAADCF-2CEE-4083-9A14-A1328E9A77DF}.Release|x64.ActiveCfg = Release|Any CPU
		{43BAADCF-2CEE-4083-9A14-A1328E9A77DF}.Release|x86.ActiveCfg = Release|Any CPU
		{864A1FA8-8C5C-4D03-A60D-302727243ACD}.Debug|Any CPU.ActiveCfg = Debug|Any CPU
		{864A1FA8-8C5C-4D03-A60D-302727243ACD}.Debug|Any CPU.Build.0 = Debug|Any CPU
		{864A1FA8-8C5C-4D03-A60D-302727243ACD}.Debug|ARM.ActiveCfg = Debug|Any CPU
		{864A1FA8-8C5C-4D03-A60D-302727243ACD}.Debug|x64.ActiveCfg = Debug|Any CPU
		{864A1FA8-8C5C-4D03-A60D-302727243ACD}.Debug|x86.ActiveCfg = Debug|x86
		{864A1FA8-8C5C-4D03-A60D-302727243ACD}.Debug|x86.Build.0 = Debug|x86
		{864A1FA8-8C5C-4D03-A60D-302727243ACD}.Release|Any CPU.ActiveCfg = Release|Any CPU
		{864A1FA8-8C5C-4D03-A60D-302727243ACD}.Release|Any CPU.Build.0 = Release|Any CPU
		{864A1FA8-8C5C-4D03-A60D-302727243ACD}.Release|ARM.ActiveCfg = Release|Any CPU
		{864A1FA8-8C5C-4D03-A60D-302727243ACD}.Release|x64.ActiveCfg = Release|Any CPU
		{864A1FA8-8C5C-4D03-A60D-302727243ACD}.Release|x86.ActiveCfg = Release|Any CPU
		{37931D35-9BEE-4D55-AF5B-C756130878DF}.Debug|Any CPU.ActiveCfg = Debug|Any CPU
		{37931D35-9BEE-4D55-AF5B-C756130878DF}.Debug|Any CPU.Build.0 = Debug|Any CPU
		{37931D35-9BEE-4D55-AF5B-C756130878DF}.Debug|ARM.ActiveCfg = Debug|Any CPU
		{37931D35-9BEE-4D55-AF5B-C756130878DF}.Debug|x64.ActiveCfg = Debug|Any CPU
		{37931D35-9BEE-4D55-AF5B-C756130878DF}.Debug|x86.ActiveCfg = Debug|x86
		{37931D35-9BEE-4D55-AF5B-C756130878DF}.Debug|x86.Build.0 = Debug|x86
		{37931D35-9BEE-4D55-AF5B-C756130878DF}.Release|Any CPU.ActiveCfg = Release|Any CPU
		{37931D35-9BEE-4D55-AF5B-C756130878DF}.Release|Any CPU.Build.0 = Release|Any CPU
		{37931D35-9BEE-4D55-AF5B-C756130878DF}.Release|ARM.ActiveCfg = Release|Any CPU
		{37931D35-9BEE-4D55-AF5B-C756130878DF}.Release|x64.ActiveCfg = Release|Any CPU
		{37931D35-9BEE-4D55-AF5B-C756130878DF}.Release|x86.ActiveCfg = Release|Any CPU
		{41716650-2249-4D85-B6F0-98284EF13556}.Debug|Any CPU.ActiveCfg = Debug|Any CPU
		{41716650-2249-4D85-B6F0-98284EF13556}.Debug|Any CPU.Build.0 = Debug|Any CPU
		{41716650-2249-4D85-B6F0-98284EF13556}.Debug|ARM.ActiveCfg = Debug|Any CPU
		{41716650-2249-4D85-B6F0-98284EF13556}.Debug|x64.ActiveCfg = Debug|Any CPU
		{41716650-2249-4D85-B6F0-98284EF13556}.Debug|x86.ActiveCfg = Debug|x86
		{41716650-2249-4D85-B6F0-98284EF13556}.Debug|x86.Build.0 = Debug|x86
		{41716650-2249-4D85-B6F0-98284EF13556}.Release|Any CPU.ActiveCfg = Release|Any CPU
		{41716650-2249-4D85-B6F0-98284EF13556}.Release|Any CPU.Build.0 = Release|Any CPU
		{41716650-2249-4D85-B6F0-98284EF13556}.Release|ARM.ActiveCfg = Release|Any CPU
		{41716650-2249-4D85-B6F0-98284EF13556}.Release|x64.ActiveCfg = Release|Any CPU
		{41716650-2249-4D85-B6F0-98284EF13556}.Release|x86.ActiveCfg = Release|Any CPU
	EndGlobalSection
	GlobalSection(SolutionProperties) = preSolution
		HideSolutionNode = FALSE
	EndGlobalSection
EndGlobal
